
Microsoft Visual Studio Solution File, Format Version 12.00
# Visual Studio Version 16
VisualStudioVersion = 16.0.29905.134
MinimumVisualStudioVersion = 10.0.40219.1
Project("{9A19103F-16F7-4668-BE54-9A1E7A4F7556}") = "triviaGame", "triviaGame.csproj", "{B74090D0-F54E-4A03-922B-2F8C0EC49525}"
EndProject
Global
	GlobalSection(SolutionConfigurationPlatforms) = preSolution
		Debug|Any CPU = Debug|Any CPU
		Release|Any CPU = Release|Any CPU
	EndGlobalSection
	GlobalSection(ProjectConfigurationPlatforms) = postSolution
		{B74090D0-F54E-4A03-922B-2F8C0EC49525}.Debug|Any CPU.ActiveCfg = Debug|Any CPU
		{B74090D0-F54E-4A03-922B-2F8C0EC49525}.Debug|Any CPU.Build.0 = Debug|Any CPU
		{B74090D0-F54E-4A03-922B-2F8C0EC49525}.Release|Any CPU.ActiveCfg = Release|Any CPU
		{B74090D0-F54E-4A03-922B-2F8C0EC49525}.Release|Any CPU.Build.0 = Release|Any CPU
	EndGlobalSection
	GlobalSection(SolutionProperties) = preSolution
		HideSolutionNode = FALSE
	EndGlobalSection
	GlobalSection(ExtensibilityGlobals) = postSolution
		SolutionGuid = {6A2B93B1-92BB-4E02-BE6F-4EE2FFAD7610}
	EndGlobalSection
EndGlobal
